
Microsoft Visual Studio Solution File, Format Version 12.00
# Visual Studio Version 17
VisualStudioVersion = 17.9.34714.143
MinimumVisualStudioVersion = 10.0.40219.1
Project("{2150E333-8FDC-42A3-9474-1A3956D46DE8}") = "domain", "domain", "{327FC4CE-15BB-4FE7-8067-AD09D01DB00C}"
EndProject
Project("{9A19103F-16F7-4668-BE54-9A1E7A4F7556}") = "App", "..\domain\App\App.csproj", "{7E190727-C9BD-4ED8-9519-78D2BE63B7A0}"
EndProject
Project("{2150E333-8FDC-42A3-9474-1A3956D46DE8}") = "infostructer", "infostructer", "{6D672B0E-74AA-4AA7-B13F-6ADDA6C2160F}"
EndProject
Project("{9A19103F-16F7-4668-BE54-9A1E7A4F7556}") = "App.Memory", "..\infostructer\App.Memory\App.Memory.csproj", "{391A7901-C95E-4037-A0F0-DAEA9F51EAF4}"
EndProject
Project("{2150E333-8FDC-42A3-9474-1A3956D46DE8}") = "presentation", "presentation", "{6B0EDB53-F7C9-45E7-88FB-A96B2436F72C}"
EndProject
Project("{9A19103F-16F7-4668-BE54-9A1E7A4F7556}") = "App.Desktop", "..\presentation\App.Desktop\App.Desktop.csproj", "{CD672D70-ECB9-4148-B59B-7E54BBF00D31}"
EndProject
Global
	GlobalSection(SolutionConfigurationPlatforms) = preSolution
		Debug|Any CPU = Debug|Any CPU
		Release|Any CPU = Release|Any CPU
	EndGlobalSection
	GlobalSection(ProjectConfigurationPlatforms) = postSolution
		{7E190727-C9BD-4ED8-9519-78D2BE63B7A0}.Debug|Any CPU.ActiveCfg = Debug|Any CPU
		{7E190727-C9BD-4ED8-9519-78D2BE63B7A0}.Debug|Any CPU.Build.0 = Debug|Any CPU
		{7E190727-C9BD-4ED8-9519-78D2BE63B7A0}.Release|Any CPU.ActiveCfg = Release|Any CPU
		{7E190727-C9BD-4ED8-9519-78D2BE63B7A0}.Release|Any CPU.Build.0 = Release|Any CPU
		{391A7901-C95E-4037-A0F0-DAEA9F51EAF4}.Debug|Any CPU.ActiveCfg = Debug|Any CPU
		{391A7901-C95E-4037-A0F0-DAEA9F51EAF4}.Debug|Any CPU.Build.0 = Debug|Any CPU
		{391A7901-C95E-4037-A0F0-DAEA9F51EAF4}.Release|Any CPU.ActiveCfg = Release|Any CPU
		{391A7901-C95E-4037-A0F0-DAEA9F51EAF4}.Release|Any CPU.Build.0 = Release|Any CPU
		{CD672D70-ECB9-4148-B59B-7E54BBF00D31}.Debug|Any CPU.ActiveCfg = Debug|Any CPU
		{CD672D70-ECB9-4148-B59B-7E54BBF00D31}.Debug|Any CPU.Build.0 = Debug|Any CPU
		{CD672D70-ECB9-4148-B59B-7E54BBF00D31}.Release|Any CPU.ActiveCfg = Release|Any CPU
		{CD672D70-ECB9-4148-B59B-7E54BBF00D31}.Release|Any CPU.Build.0 = Release|Any CPU
	EndGlobalSection
	GlobalSection(SolutionProperties) = preSolution
		HideSolutionNode = FALSE
	EndGlobalSection
	GlobalSection(NestedProjects) = preSolution
		{7E190727-C9BD-4ED8-9519-78D2BE63B7A0} = {327FC4CE-15BB-4FE7-8067-AD09D01DB00C}
		{391A7901-C95E-4037-A0F0-DAEA9F51EAF4} = {6D672B0E-74AA-4AA7-B13F-6ADDA6C2160F}
		{CD672D70-ECB9-4148-B59B-7E54BBF00D31} = {6B0EDB53-F7C9-45E7-88FB-A96B2436F72C}
	EndGlobalSection
	GlobalSection(ExtensibilityGlobals) = postSolution
		SolutionGuid = {AFA90818-5AAF-49DA-A72B-21B2121B7D8F}
	EndGlobalSection
EndGlobal
